
Microsoft Visual Studio Solution File, Format Version 12.00
# Visual Studio 15
VisualStudioVersion = 15.0.27130.2027
MinimumVisualStudioVersion = 10.0.40219.1
Project("{FAE04EC0-301F-11D3-BF4B-00C04F79EFBC}") = "APeiceOfChess", "APeiceOfChess\APeiceOfChess.csproj", "{ED9B365B-F011-40E5-AFB9-2AD0BAC8EC76}"
EndProject
Global
	GlobalSection(SolutionConfigurationPlatforms) = preSolution
		Debug|Any CPU = Debug|Any CPU
		Release|Any CPU = Release|Any CPU
	EndGlobalSection
	GlobalSection(ProjectConfigurationPlatforms) = postSolution
		{ED9B365B-F011-40E5-AFB9-2AD0BAC8EC76}.Debug|Any CPU.ActiveCfg = Debug|Any CPU
		{ED9B365B-F011-40E5-AFB9-2AD0BAC8EC76}.Debug|Any CPU.Build.0 = Debug|Any CPU
		{ED9B365B-F011-40E5-AFB9-2AD0BAC8EC76}.Release|Any CPU.ActiveCfg = Release|Any CPU
		{ED9B365B-F011-40E5-AFB9-2AD0BAC8EC76}.Release|Any CPU.Build.0 = Release|Any CPU
	EndGlobalSection
	GlobalSection(SolutionProperties) = preSolution
		HideSolutionNode = FALSE
	EndGlobalSection
	GlobalSection(ExtensibilityGlobals) = postSolution
		SolutionGuid = {B4E7423D-41BB-439F-8C8B-0A53F5CB1579}
	EndGlobalSection
EndGlobal
